
Microsoft Visual Studio Solution File, Format Version 12.00
# Visual Studio Version 17
VisualStudioVersion = 17.0.31919.166
MinimumVisualStudioVersion = 10.0.40219.1
Project("{9A19103F-16F7-4668-BE54-9A1E7A4F7556}") = "battleships-api", "battleships-api.csproj", "{A2B919B2-3B13-4D21-AE69-BED4051BB90F}"
EndProject
Global
	GlobalSection(SolutionConfigurationPlatforms) = preSolution
		Debug|Any CPU = Debug|Any CPU
		Release|Any CPU = Release|Any CPU
	EndGlobalSection
	GlobalSection(ProjectConfigurationPlatforms) = postSolution
		{A2B919B2-3B13-4D21-AE69-BED4051BB90F}.Debug|Any CPU.ActiveCfg = Debug|Any CPU
		{A2B919B2-3B13-4D21-AE69-BED4051BB90F}.Debug|Any CPU.Build.0 = Debug|Any CPU
		{A2B919B2-3B13-4D21-AE69-BED4051BB90F}.Release|Any CPU.ActiveCfg = Release|Any CPU
		{A2B919B2-3B13-4D21-AE69-BED4051BB90F}.Release|Any CPU.Build.0 = Release|Any CPU
	EndGlobalSection
	GlobalSection(SolutionProperties) = preSolution
		HideSolutionNode = FALSE
	EndGlobalSection
	GlobalSection(ExtensibilityGlobals) = postSolution
		SolutionGuid = {CB1245E8-0D42-418D-8BD8-F9600B6DAF8D}
	EndGlobalSection
EndGlobal
